
Microsoft Visual Studio Solution File, Format Version 12.00
# Visual Studio Version 16
VisualStudioVersion = 16.0.29123.88
MinimumVisualStudioVersion = 10.0.40219.1
Project("{FAE04EC0-301F-11D3-BF4B-00C04F79EFBC}") = "WPFControls", "WPFControls\WPFControls.csproj", "{C6D40284-CEFB-4150-9C00-32CAD6106908}"
EndProject
Project("{FAE04EC0-301F-11D3-BF4B-00C04F79EFBC}") = "Client", "Client\Client.csproj", "{31CAED62-DC76-46E3-9254-E095AF6BBF53}"
EndProject
Global
	GlobalSection(SolutionConfigurationPlatforms) = preSolution
		Debug|Any CPU = Debug|Any CPU
		Release|Any CPU = Release|Any CPU
	EndGlobalSection
	GlobalSection(ProjectConfigurationPlatforms) = postSolution
		{C6D40284-CEFB-4150-9C00-32CAD6106908}.Debug|Any CPU.ActiveCfg = Debug|Any CPU
		{C6D40284-CEFB-4150-9C00-32CAD6106908}.Debug|Any CPU.Build.0 = Debug|Any CPU
		{C6D40284-CEFB-4150-9C00-32CAD6106908}.Release|Any CPU.ActiveCfg = Release|Any CPU
		{C6D40284-CEFB-4150-9C00-32CAD6106908}.Release|Any CPU.Build.0 = Release|Any CPU
		{31CAED62-DC76-46E3-9254-E095AF6BBF53}.Debug|Any CPU.ActiveCfg = Debug|Any CPU
		{31CAED62-DC76-46E3-9254-E095AF6BBF53}.Debug|Any CPU.Build.0 = Debug|Any CPU
		{31CAED62-DC76-46E3-9254-E095AF6BBF53}.Release|Any CPU.ActiveCfg = Release|Any CPU
		{31CAED62-DC76-46E3-9254-E095AF6BBF53}.Release|Any CPU.Build.0 = Release|Any CPU
	EndGlobalSection
	GlobalSection(SolutionProperties) = preSolution
		HideSolutionNode = FALSE
	EndGlobalSection
	GlobalSection(ExtensibilityGlobals) = postSolution
		SolutionGuid = {BB931219-3887-44A8-8EFF-E05C7AE89EAD}
	EndGlobalSection
EndGlobal
